{
  "name": "drumkit",
  "version": "1.0.0",
  "lockfileVersion": 2,
  "requires": true,
  "packages": {
    "": {
      "name": "drumkit",
      "version": "1.0.0",
      "license": "ISC",
      "dependencies": {
        "pigments": "^3.2.0"
      }
    },
    "node_modules/balanced-match": {
      "version": "0.0.0",
      "resolved": "https://registry.npmjs.org/balanced-match/-/balanced-match-0.0.0.tgz",
      "integrity": "sha512-daYFGv8RHJKIcx7l5jAzeS86+pMEgTAcbF7Q89qnrgRVI1GEDkuGABNGzkcWYrUwUZJ4+uUf8hF4n3SZMIPVOQ=="
    },
    "node_modules/color": {
      "version": "0.5.0",
      "resolved": "https://registry.npmjs.org/color/-/color-0.5.0.tgz",
      "integrity": "sha512-ukBfZjHPBC/Zjxdu2ILQBjz1IPQHRBoDEKd8ycQflO+dzgW30eNsZISD8JhtiBF+t2xjc34JfdvoUpioK5b1Gg==",
      "dependencies": {
        "color-convert": "0.2.x",
        "color-string": "0.1.x"
      }
    },
    "node_modules/color-convert": {
      "version": "0.2.1",
      "resolved": "https://registry.npmjs.org/color-convert/-/color-convert-0.2.1.tgz",
      "integrity": "sha512-FWbwpCgyRV41Vml0iKU9UmL0dVTKORnm7ZC8h8cdfvutk2bU7ZcMLtSleggScK/IpUVXILg9Pw86LhPUQyTaVg==",
      "engines": {
        "node": "*"
      }
    },
    "node_modules/color-string": {
      "version": "0.1.3",
      "resolved": "https://registry.npmjs.org/color-string/-/color-string-0.1.3.tgz",
      "integrity": "sha512-ERkoOp/s/VSrQ5OyH1Gs9LCgFWnTlQXUqAaGNBJzV2gjuunWuxISth8lOaDqfPfDIjiR9MI7WrzH1hDNRVOCfQ==",
      "dependencies": {
        "color-convert": "0.2.x"
      }
    },
    "node_modules/css-color-function": {
      "version": "0.1.0",
      "resolved": "https://registry.npmjs.org/css-color-function/-/css-color-function-0.1.0.tgz",
      "integrity": "sha512-0vICHL0rAjzlo0x0SwV4VAOcPWC8fHtX11GHlQbOE8aV2Ofl3PuOfpdn28gStIHsSTx+gbzbXOYDWGBUOF3GUw==",
      "dependencies": {
        "balanced-match": "0.0.0",
        "color": "~0.5.0",
        "debug": "~0.7.4",
        "rgb": "0.0.1"
      }
    },
    "node_modules/d": {
      "version": "0.1.1",
      "resolved": "https://registry.npmjs.org/d/-/d-0.1.1.tgz",
      "integrity": "sha512-0SdM9V9pd/OXJHoWmTfNPTAeD+lw6ZqHg+isPyBFuJsZLSE0Ygg1cYZ/0l6DrKQXMOqGOu1oWupMoOfoRfMZrQ==",
      "dependencies": {
        "es5-ext": "~0.10.2"
      }
    },
    "node_modules/debug": {
      "version": "0.7.4",
      "resolved": "https://registry.npmjs.org/debug/-/debug-0.7.4.tgz",
      "integrity": "sha512-EohAb3+DSHSGx8carOSKJe8G0ayV5/i609OD0J2orCkuyae7SyZSz2aoLmQF2s0Pj5gITDebwPH7GFBlqOUQ1Q==",
      "engines": {
        "node": "*"
      }
    },
    "node_modules/emissary": {
      "version": "1.3.3",
      "resolved": "https://registry.npmjs.org/emissary/-/emissary-1.3.3.tgz",
      "integrity": "sha512-pD6FWNBSlEOzSJDCTcSGVLgNnGw5fnCvvGMdQ/TN43efeXZ/QTq8+hZoK3OOEXPRNjMmSJmeOnEJh+bWT5O8rQ==",
      "dependencies": {
        "es6-weak-map": "^0.1.2",
        "mixto": "1.x",
        "property-accessors": "^1.1",
        "underscore-plus": "1.x"
      }
    },
    "node_modules/es5-ext": {
      "version": "0.10.62",
      "resolved": "https://registry.npmjs.org/es5-ext/-/es5-ext-0.10.62.tgz",
      "integrity": "sha512-BHLqn0klhEpnOKSrzn/Xsz2UIW8j+cGmo9JLzr8BiUapV8hPL9+FliFqjwr9ngW7jWdnxv6eO+/LqyhJVqgrjA==",
      "hasInstallScript": true,
      "dependencies": {
        "es6-iterator": "^2.0.3",
        "es6-symbol": "^3.1.3",
        "next-tick": "^1.1.0"
      },
      "engines": {
        "node": ">=0.10"
      }
    },
    "node_modules/es5-ext/node_modules/d": {
      "version": "1.0.1",
      "resolved": "https://registry.npmjs.org/d/-/d-1.0.1.tgz",
      "integrity": "sha512-m62ShEObQ39CfralilEQRjH6oAMtNCV1xJyEx5LpRYUVN+EviphDgUc/F3hnYbADmkiNs67Y+3ylmlG7Lnu+FA==",
      "dependencies": {
        "es5-ext": "^0.10.50",
        "type": "^1.0.1"
      }
    },
    "node_modules/es5-ext/node_modules/es6-iterator": {
      "version": "2.0.3",
      "resolved": "https://registry.npmjs.org/es6-iterator/-/es6-iterator-2.0.3.tgz",
      "integrity": "sha512-zw4SRzoUkd+cl+ZoE15A9o1oQd920Bb0iOJMQkQhl3jNc03YqVjAhG7scf9C5KWRU/R13Orf588uCC6525o02g==",
      "dependencies": {
        "d": "1",
        "es5-ext": "^0.10.35",
        "es6-symbol": "^3.1.1"
      }
    },
    "node_modules/es5-ext/node_modules/es6-symbol": {
      "version": "3.1.3",
      "resolved": "https://registry.npmjs.org/es6-symbol/-/es6-symbol-3.1.3.tgz",
      "integrity": "sha512-NJ6Yn3FuDinBaBRWl/q5X/s4koRHBrgKAu+yGI6JCBeiu3qrcbJhwT2GeR/EXVfylRk8dpQVJoLEFhK+Mu31NA==",
      "dependencies": {
        "d": "^1.0.1",
        "ext": "^1.1.2"
      }
    },
    "node_modules/es6-iterator": {
      "version": "0.1.3",
      "resolved": "https://registry.npmjs.org/es6-iterator/-/es6-iterator-0.1.3.tgz",
      "integrity": "sha512-6TOmbFM6OPWkTe+bQ3ZuUkvqcWUjAnYjKUCLdbvRsAUz2Pr+fYIibwNXNkLNtIK9PPFbNMZZddaRNkyJhlGJhA==",
      "dependencies": {
        "d": "~0.1.1",
        "es5-ext": "~0.10.5",
        "es6-symbol": "~2.0.1"
      }
    },
    "node_modules/es6-symbol": {
      "version": "2.0.1",
      "resolved": "https://registry.npmjs.org/es6-symbol/-/es6-symbol-2.0.1.tgz",
      "integrity": "sha512-wjobO4zO8726HVU7mI2OA/B6QszqwHJuKab7gKHVx+uRfVVYGcWJkCIFxV2Madqb9/RUSrhJ/r6hPfG7FsWtow==",
      "dependencies": {
        "d": "~0.1.1",
        "es5-ext": "~0.10.5"
      }
    },
    "node_modules/es6-weak-map": {
      "version": "0.1.4",
      "resolved": "https://registry.npmjs.org/es6-weak-map/-/es6-weak-map-0.1.4.tgz",
      "integrity": "sha512-P+N5Cd2TXeb7G59euFiM7snORspgbInS29Nbf3KNO2JQp/DyhvMCDWd58nsVAXwYJ6W3Bx7qDdy6QQ3PCJ7jKQ==",
      "dependencies": {
        "d": "~0.1.1",
        "es5-ext": "~0.10.6",
        "es6-iterator": "~0.1.3",
        "es6-symbol": "~2.0.1"
      }
    },
    "node_modules/ext": {
      "version": "1.7.0",
      "resolved": "https://registry.npmjs.org/ext/-/ext-1.7.0.tgz",
      "integrity": "sha512-6hxeJYaL110a9b5TEJSj0gojyHQAmA2ch5Os+ySCiA1QGdS697XWY1pzsrSjqA9LDEEgdB/KypIlR59RcLuHYw==",
      "dependencies": {
        "type": "^2.7.2"
      }
    },
    "node_modules/ext/node_modules/type": {
      "version": "2.7.2",
      "resolved": "https://registry.npmjs.org/type/-/type-2.7.2.tgz",
      "integrity": "sha512-dzlvlNlt6AXU7EBSfpAscydQ7gXB+pPGsPnfJnZpiNJBDj7IaJzQlBZYGdEi4R9HmPdBv2XmWJ6YUtoTa7lmCw=="
    },
    "node_modules/mixto": {
      "version": "1.0.0",
      "resolved": "https://registry.npmjs.org/mixto/-/mixto-1.0.0.tgz",
      "integrity": "sha512-g2Kg8O3ww9RbWuPnAgTsAhe+aBwVXoo/lhYyDKTYPiLKdJofAr97O8zTFzW5UfiJUoeJbmXLmcjDAF7/Egwi8Q=="
    },
    "node_modules/next-tick": {
      "version": "1.1.0",
      "resolved": "https://registry.npmjs.org/next-tick/-/next-tick-1.1.0.tgz",
      "integrity": "sha512-CXdUiJembsNjuToQvxayPZF9Vqht7hewsvy2sOWafLvi2awflj9mOC6bHIg50orX8IJvWKY9wYQ/zB2kogPslQ=="
    },
    "node_modules/pigments": {
      "version": "3.2.0",
      "resolved": "https://registry.npmjs.org/pigments/-/pigments-3.2.0.tgz",
      "integrity": "sha512-2r5/nYCs6LznmpsDa79sOv9DDi7FvfYOBEmmSUhkf7mpRtH6V/XB50zOkbJmk1zaP64qsunYLz74lzCAJKvHnw==",
      "dependencies": {
        "css-color-function": "0.1.x",
        "emissary": "1.x",
        "mixto": "1.x",
        "property-accessors": "1.x",
        "q": "~1.0.1",
        "underscore-plus": "1.x"
      }
    },
    "node_modules/property-accessors": {
      "version": "1.1.3",
      "resolved": "https://registry.npmjs.org/property-accessors/-/property-accessors-1.1.3.tgz",
      "integrity": "sha512-WQTVW7rn+k6wq8FyYVM15afyoB2loEdeIzd/o7+HEA5hMZcxvRf4Khie0fBM9wLP3EJotKhiH15kY7Dd4gc57g==",
      "dependencies": {
        "es6-weak-map": "^0.1.2",
        "mixto": "1.x"
      }
    },
    "node_modules/q": {
      "version": "1.0.1",
      "resolved": "https://registry.npmjs.org/q/-/q-1.0.1.tgz",
      "integrity": "sha512-18MnBaCeBX9sLRUdtxz/6onlb7wLzFxCylklyO8n27y5JxJYaGLPu4ccyc5zih58SpEzY8QmfwaWqguqXU6Y+A==",
      "engines": {
        "node": ">=0.6.0",
        "teleport": ">=0.2.0"
      }
    },
    "node_modules/rgb": {
      "version": "0.0.1",
      "resolved": "https://registry.npmjs.org/rgb/-/rgb-0.0.1.tgz",
      "integrity": "sha512-hwBR0ttDW/I7cWimiyuK1bfQLy5YVzyiJ3zpv/BbCH4DvU2PboH/gkXjTs51WA6f4UKVkIZnyBmoo/RRcToQEg=="
    },
    "node_modules/type": {
      "version": "1.2.0",
      "resolved": "https://registry.npmjs.org/type/-/type-1.2.0.tgz",
      "integrity": "sha512-+5nt5AAniqsCnu2cEQQdpzCAh33kVx8n0VoFidKpB1dVVLAN/F+bgVOqOJqOnEnrhp222clB5p3vUlD+1QAnfg=="
    },
    "node_modules/underscore": {
      "version": "1.13.6",
      "resolved": "https://registry.npmjs.org/underscore/-/underscore-1.13.6.tgz",
      "integrity": "sha512-+A5Sja4HP1M08MaXya7p5LvjuM7K6q/2EaC0+iovj/wOcMsTzMvDFbasi/oSapiwOlt252IqsKqPjCl7huKS0A=="
    },
    "node_modules/underscore-plus": {
      "version": "1.7.0",
      "resolved": "https://registry.npmjs.org/underscore-plus/-/underscore-plus-1.7.0.tgz",
      "integrity": "sha512-A3BEzkeicFLnr+U/Q3EyWwJAQPbA19mtZZ4h+lLq3ttm9kn8WC4R3YpuJZEXmWdLjYP47Zc8aLZm9kwdv+zzvA==",
      "dependencies": {
        "underscore": "^1.9.1"
      }
    }
  },
  "dependencies": {
    "balanced-match": {
      "version": "0.0.0",
      "resolved": "https://registry.npmjs.org/balanced-match/-/balanced-match-0.0.0.tgz",
      "integrity": "sha512-daYFGv8RHJKIcx7l5jAzeS86+pMEgTAcbF7Q89qnrgRVI1GEDkuGABNGzkcWYrUwUZJ4+uUf8hF4n3SZMIPVOQ=="
    },
    "color": {
      "version": "0.5.0",
      "resolved": "https://registry.npmjs.org/color/-/color-0.5.0.tgz",
      "integrity": "sha512-ukBfZjHPBC/Zjxdu2ILQBjz1IPQHRBoDEKd8ycQflO+dzgW30eNsZISD8JhtiBF+t2xjc34JfdvoUpioK5b1Gg==",
      "requires": {
        "color-convert": "0.2.x",
        "color-string": "0.1.x"
      }
    },
    "color-convert": {
      "version": "0.2.1",
      "resolved": "https://registry.npmjs.org/color-convert/-/color-convert-0.2.1.tgz",
      "integrity": "sha512-FWbwpCgyRV41Vml0iKU9UmL0dVTKORnm7ZC8h8cdfvutk2bU7ZcMLtSleggScK/IpUVXILg9Pw86LhPUQyTaVg=="
    },
    "color-string": {
      "version": "0.1.3",
      "resolved": "https://registry.npmjs.org/color-string/-/color-string-0.1.3.tgz",
      "integrity": "sha512-ERkoOp/s/VSrQ5OyH1Gs9LCgFWnTlQXUqAaGNBJzV2gjuunWuxISth8lOaDqfPfDIjiR9MI7WrzH1hDNRVOCfQ==",
      "requires": {
        "color-convert": "0.2.x"
      }
    },
    "css-color-function": {
      "version": "0.1.0",
      "resolved": "https://registry.npmjs.org/css-color-function/-/css-color-function-0.1.0.tgz",
      "integrity": "sha512-0vICHL0rAjzlo0x0SwV4VAOcPWC8fHtX11GHlQbOE8aV2Ofl3PuOfpdn28gStIHsSTx+gbzbXOYDWGBUOF3GUw==",
      "requires": {
        "balanced-match": "0.0.0",
        "color": "~0.5.0",
        "debug": "~0.7.4",
        "rgb": "0.0.1"
      }
    },
    "d": {
      "version": "0.1.1",
      "resolved": "https://registry.npmjs.org/d/-/d-0.1.1.tgz",
      "integrity": "sha512-0SdM9V9pd/OXJHoWmTfNPTAeD+lw6ZqHg+isPyBFuJsZLSE0Ygg1cYZ/0l6DrKQXMOqGOu1oWupMoOfoRfMZrQ==",
      "requires": {
        "es5-ext": "~0.10.2"
      }
    },
    "debug": {
      "version": "0.7.4",
      "resolved": "https://registry.npmjs.org/debug/-/debug-0.7.4.tgz",
      "integrity": "sha512-EohAb3+DSHSGx8carOSKJe8G0ayV5/i609OD0J2orCkuyae7SyZSz2aoLmQF2s0Pj5gITDebwPH7GFBlqOUQ1Q=="
    },
    "emissary": {
      "version": "1.3.3",
      "resolved": "https://registry.npmjs.org/emissary/-/emissary-1.3.3.tgz",
      "integrity": "sha512-pD6FWNBSlEOzSJDCTcSGVLgNnGw5fnCvvGMdQ/TN43efeXZ/QTq8+hZoK3OOEXPRNjMmSJmeOnEJh+bWT5O8rQ==",
      "requires": {
        "es6-weak-map": "^0.1.2",
        "mixto": "1.x",
        "property-accessors": "^1.1",
        "underscore-plus": "1.x"
      }
    },
    "es5-ext": {
      "version": "0.10.62",
      "resolved": "https://registry.npmjs.org/es5-ext/-/es5-ext-0.10.62.tgz",
      "integrity": "sha512-BHLqn0klhEpnOKSrzn/Xsz2UIW8j+cGmo9JLzr8BiUapV8hPL9+FliFqjwr9ngW7jWdnxv6eO+/LqyhJVqgrjA==",
      "requires": {
        "es6-iterator": "^2.0.3",
        "es6-symbol": "^3.1.3",
        "next-tick": "^1.1.0"
      },
      "dependencies": {
        "d": {
          "version": "1.0.1",
          "resolved": "https://registry.npmjs.org/d/-/d-1.0.1.tgz",
          "integrity": "sha512-m62ShEObQ39CfralilEQRjH6oAMtNCV1xJyEx5LpRYUVN+EviphDgUc/F3hnYbADmkiNs67Y+3ylmlG7Lnu+FA==",
          "requires": {
            "es5-ext": "^0.10.50",
            "type": "^1.0.1"
          }
        },
        "es6-iterator": {
          "version": "2.0.3",
          "resolved": "https://registry.npmjs.org/es6-iterator/-/es6-iterator-2.0.3.tgz",
          "integrity": "sha512-zw4SRzoUkd+cl+ZoE15A9o1oQd920Bb0iOJMQkQhl3jNc03YqVjAhG7scf9C5KWRU/R13Orf588uCC6525o02g==",
          "requires": {
            "d": "1",
            "es5-ext": "^0.10.35",
            "es6-symbol": "^3.1.1"
          }
        },
        "es6-symbol": {
          "version": "3.1.3",
          "resolved": "https://registry.npmjs.org/es6-symbol/-/es6-symbol-3.1.3.tgz",
          "integrity": "sha512-NJ6Yn3FuDinBaBRWl/q5X/s4koRHBrgKAu+yGI6JCBeiu3qrcbJhwT2GeR/EXVfylRk8dpQVJoLEFhK+Mu31NA==",
          "requires": {
            "d": "^1.0.1",
            "ext": "^1.1.2"
          }
        }
      }
    },
    "es6-iterator": {
      "version": "0.1.3",
      "resolved": "https://registry.npmjs.org/es6-iterator/-/es6-iterator-0.1.3.tgz",
      "integrity": "sha512-6TOmbFM6OPWkTe+bQ3ZuUkvqcWUjAnYjKUCLdbvRsAUz2Pr+fYIibwNXNkLNtIK9PPFbNMZZddaRNkyJhlGJhA==",
      "requires": {
        "d": "~0.1.1",
        "es5-ext": "~0.10.5",
        "es6-symbol": "~2.0.1"
      }
    },
    "es6-symbol": {
      "version": "2.0.1",
      "resolved": "https://registry.npmjs.org/es6-symbol/-/es6-symbol-2.0.1.tgz",
      "integrity": "sha512-wjobO4zO8726HVU7mI2OA/B6QszqwHJuKab7gKHVx+uRfVVYGcWJkCIFxV2Madqb9/RUSrhJ/r6hPfG7FsWtow==",
      "requires": {
        "d": "~0.1.1",
        "es5-ext": "~0.10.5"
      }
    },
    "es6-weak-map": {
      "version": "0.1.4",
      "resolved": "https://registry.npmjs.org/es6-weak-map/-/es6-weak-map-0.1.4.tgz",
      "integrity": "sha512-P+N5Cd2TXeb7G59euFiM7snORspgbInS29Nbf3KNO2JQp/DyhvMCDWd58nsVAXwYJ6W3Bx7qDdy6QQ3PCJ7jKQ==",
      "requires": {
        "d": "~0.1.1",
        "es5-ext": "~0.10.6",
        "es6-iterator": "~0.1.3",
        "es6-symbol": "~2.0.1"
      }
    },
    "ext": {
      "version": "1.7.0",
      "resolved": "https://registry.npmjs.org/ext/-/ext-1.7.0.tgz",
      "integrity": "sha512-6hxeJYaL110a9b5TEJSj0gojyHQAmA2ch5Os+ySCiA1QGdS697XWY1pzsrSjqA9LDEEgdB/KypIlR59RcLuHYw==",
      "requires": {
        "type": "^2.7.2"
      },
      "dependencies": {
        "type": {
          "version": "2.7.2",
          "resolved": "https://registry.npmjs.org/type/-/type-2.7.2.tgz",
          "integrity": "sha512-dzlvlNlt6AXU7EBSfpAscydQ7gXB+pPGsPnfJnZpiNJBDj7IaJzQlBZYGdEi4R9HmPdBv2XmWJ6YUtoTa7lmCw=="
        }
      }
    },
    "mixto": {
      "version": "1.0.0",
      "resolved": "https://registry.npmjs.org/mixto/-/mixto-1.0.0.tgz",
      "integrity": "sha512-g2Kg8O3ww9RbWuPnAgTsAhe+aBwVXoo/lhYyDKTYPiLKdJofAr97O8zTFzW5UfiJUoeJbmXLmcjDAF7/Egwi8Q=="
    },
    "next-tick": {
      "version": "1.1.0",
      "resolved": "https://registry.npmjs.org/next-tick/-/next-tick-1.1.0.tgz",
      "integrity": "sha512-CXdUiJembsNjuToQvxayPZF9Vqht7hewsvy2sOWafLvi2awflj9mOC6bHIg50orX8IJvWKY9wYQ/zB2kogPslQ=="
    },
    "pigments": {
      "version": "3.2.0",
      "resolved": "https://registry.npmjs.org/pigments/-/pigments-3.2.0.tgz",
      "integrity": "sha512-2r5/nYCs6LznmpsDa79sOv9DDi7FvfYOBEmmSUhkf7mpRtH6V/XB50zOkbJmk1zaP64qsunYLz74lzCAJKvHnw==",
      "requires": {
        "css-color-function": "0.1.x",
        "emissary": "1.x",
        "mixto": "1.x",
        "property-accessors": "1.x",
        "q": "~1.0.1",
        "underscore-plus": "1.x"
      }
    },
    "property-accessors": {
      "version": "1.1.3",
      "resolved": "https://registry.npmjs.org/property-accessors/-/property-accessors-1.1.3.tgz",
      "integrity": "sha512-WQTVW7rn+k6wq8FyYVM15afyoB2loEdeIzd/o7+HEA5hMZcxvRf4Khie0fBM9wLP3EJotKhiH15kY7Dd4gc57g==",
      "requires": {
        "es6-weak-map": "^0.1.2",
        "mixto": "1.x"
      }
    },
    "q": {
      "version": "1.0.1",
      "resolved": "https://registry.npmjs.org/q/-/q-1.0.1.tgz",
      "integrity": "sha512-18MnBaCeBX9sLRUdtxz/6onlb7wLzFxCylklyO8n27y5JxJYaGLPu4ccyc5zih58SpEzY8QmfwaWqguqXU6Y+A=="
    },
    "rgb": {
      "version": "0.0.1",
      "resolved": "https://registry.npmjs.org/rgb/-/rgb-0.0.1.tgz",
      "integrity": "sha512-hwBR0ttDW/I7cWimiyuK1bfQLy5YVzyiJ3zpv/BbCH4DvU2PboH/gkXjTs51WA6f4UKVkIZnyBmoo/RRcToQEg=="
    },
    "type": {
      "version": "1.2.0",
      "resolved": "https://registry.npmjs.org/type/-/type-1.2.0.tgz",
      "integrity": "sha512-+5nt5AAniqsCnu2cEQQdpzCAh33kVx8n0VoFidKpB1dVVLAN/F+bgVOqOJqOnEnrhp222clB5p3vUlD+1QAnfg=="
    },
    "underscore": {
      "version": "1.13.6",
      "resolved": "https://registry.npmjs.org/underscore/-/underscore-1.13.6.tgz",
      "integrity": "sha512-+A5Sja4HP1M08MaXya7p5LvjuM7K6q/2EaC0+iovj/wOcMsTzMvDFbasi/oSapiwOlt252IqsKqPjCl7huKS0A=="
    },
    "underscore-plus": {
      "version": "1.7.0",
      "resolved": "https://registry.npmjs.org/underscore-plus/-/underscore-plus-1.7.0.tgz",
      "integrity": "sha512-A3BEzkeicFLnr+U/Q3EyWwJAQPbA19mtZZ4h+lLq3ttm9kn8WC4R3YpuJZEXmWdLjYP47Zc8aLZm9kwdv+zzvA==",
      "requires": {
        "underscore": "^1.9.1"
      }
    }
  }
}
